{
  "name": "stockflow",
  "version": "1.0.0",
  "lockfileVersion": 3,
  "requires": true,
  "packages": {
    "": {
      "name": "stockflow",
      "version": "1.0.0",
      "license": "ISC",
      "workspaces": [
        "client",
        "server"
      ]
    },
    "client": {
      "name": "@stockflow/client",
      "version": "1.0.0"
    },
    "node_modules/@stockflow/client": {
      "resolved": "client",
      "link": true
    },
    "node_modules/@stockflow/server": {
      "resolved": "server",
      "link": true
    },
    "server": {
      "name": "@stockflow/server",
      "version": "1.0.0"
    }
  }
}
